// !$*UTF8*$!
{
	archiveVersion = 1;
	classes = {
	};
	objectVersion = 56;
	objects = {

/* Begin PBXBuildFile section */
		90038F8B2AA16D3200B3FAFC /* NavigationEngine.swift in Sources */ = {isa = PBXBuildFile; fileRef = 90038F8A2AA16D3200B3FAFC /* NavigationEngine.swift */; };
		90038F8D2AA180FC00B3FAFC /* NavLogSummary.swift in Sources */ = {isa = PBXBuildFile; fileRef = 90038F8C2AA180FC00B3FAFC /* NavLogSummary.swift */; };
		90227FFB2B066F80007879AB /* Launch Screen.storyboard in Resources */ = {isa = PBXBuildFile; fileRef = 90227FFA2B066F80007879AB /* Launch Screen.storyboard */; };
		904321D62AA61A4600F10D77 /* SliderBarView.swift in Sources */ = {isa = PBXBuildFile; fileRef = 904321D52AA61A4600F10D77 /* SliderBarView.swift */; };
		904A67162ACB558200FDC4E9 /* NavigationDetail.swift in Sources */ = {isa = PBXBuildFile; fileRef = 904A67152ACB558200FDC4E9 /* NavigationDetail.swift */; };
		9056512B2AF05712005076BE /* FetchMagneticDeviation.swift in Sources */ = {isa = PBXBuildFile; fileRef = 9056512A2AF05712005076BE /* FetchMagneticDeviation.swift */; };
		9058F1572A98E7A400C7CE81 /* WayPoint.swift in Sources */ = {isa = PBXBuildFile; fileRef = 9058F1562A98E7A400C7CE81 /* WayPoint.swift */; };
		9058F1592A98ECB100C7CE81 /* Aircraft.swift in Sources */ = {isa = PBXBuildFile; fileRef = 9058F1582A98ECB100C7CE81 /* Aircraft.swift */; };
		9058F15B2A98EDC000C7CE81 /* NavLog.swift in Sources */ = {isa = PBXBuildFile; fileRef = 9058F15A2A98EDC000C7CE81 /* NavLog.swift */; };
		9058F15D2A98EDE700C7CE81 /* IncidentalModels.swift in Sources */ = {isa = PBXBuildFile; fileRef = 9058F15C2A98EDE700C7CE81 /* IncidentalModels.swift */; };
		9058F1602A9901C800C7CE81 /* GPSObserver.swift in Sources */ = {isa = PBXBuildFile; fileRef = 9058F15F2A9901C800C7CE81 /* GPSObserver.swift */; };
		9058F1672A99313700C7CE81 /* AircraftMetaDataView.swift in Sources */ = {isa = PBXBuildFile; fileRef = 9058F1662A99313700C7CE81 /* AircraftMetaDataView.swift */; };
		9058F1692A9932B600C7CE81 /* WaypointListItem.swift in Sources */ = {isa = PBXBuildFile; fileRef = 9058F1682A9932B600C7CE81 /* WaypointListItem.swift */; };
		9058F16B2A9932D600C7CE81 /* NavigationLog.swift in Sources */ = {isa = PBXBuildFile; fileRef = 9058F16A2A9932D600C7CE81 /* NavigationLog.swift */; };
		9058F1712A994C1700C7CE81 /* AircraftMetaItemStringView.swift in Sources */ = {isa = PBXBuildFile; fileRef = 9058F1702A994C1700C7CE81 /* AircraftMetaItemStringView.swift */; };
		9058F1782A994FAA00C7CE81 /* AircraftMetaItemFloatView.swift in Sources */ = {isa = PBXBuildFile; fileRef = 9058F1762A994FAA00C7CE81 /* AircraftMetaItemFloatView.swift */; };
		9058F1792A994FAA00C7CE81 /* AircraftMetaItemIntView.swift in Sources */ = {isa = PBXBuildFile; fileRef = 9058F1772A994FAA00C7CE81 /* AircraftMetaItemIntView.swift */; };
		905F091F2AEC38050067A56F /* TomorrowWeatherExtractor.swift in Sources */ = {isa = PBXBuildFile; fileRef = 905F091E2AEC38050067A56F /* TomorrowWeatherExtractor.swift */; };
		906EF4FD2B0572FA00A4E6C9 /* StandardTempCalculator.swift in Sources */ = {isa = PBXBuildFile; fileRef = 906EF4FC2B0572FA00A4E6C9 /* StandardTempCalculator.swift */; };
		906EF4FF2B05733400A4E6C9 /* AircraftPermormanceViewModel.swift in Sources */ = {isa = PBXBuildFile; fileRef = 906EF4FE2B05733400A4E6C9 /* AircraftPermormanceViewModel.swift */; };
		906EF5022B06687900A4E6C9 /* SettingsMasterView.swift in Sources */ = {isa = PBXBuildFile; fileRef = 906EF5012B06687900A4E6C9 /* SettingsMasterView.swift */; };
		906EF9162B03BB8E0004DC4C /* TextEntryFIeldView.swift in Sources */ = {isa = PBXBuildFile; fileRef = 906EF9152B03BB8E0004DC4C /* TextEntryFIeldView.swift */; };
		906EF9182B03CDCD0004DC4C /* WeightEntryView.swift in Sources */ = {isa = PBXBuildFile; fileRef = 906EF9172B03CDCD0004DC4C /* WeightEntryView.swift */; };
		906EF91C2B03D3EC0004DC4C /* TakeOffPerformanceView.swift in Sources */ = {isa = PBXBuildFile; fileRef = 906EF91B2B03D3EC0004DC4C /* TakeOffPerformanceView.swift */; };
		907D91782ADF4397000206E3 /* VisualCrossingWeatherExtractor.swift in Sources */ = {isa = PBXBuildFile; fileRef = 907D91772ADF4397000206E3 /* VisualCrossingWeatherExtractor.swift */; };
		90872D152B039E2900349152 /* AircraftParametersView.swift in Sources */ = {isa = PBXBuildFile; fileRef = 90872D142B039E2900349152 /* AircraftParametersView.swift */; };
		908A23CD2AA2925700F1C3A7 /* Core.swift in Sources */ = {isa = PBXBuildFile; fileRef = 908A23CC2AA2925700F1C3A7 /* Core.swift */; };
		908A23CF2AA35B0000F1C3A7 /* AppStartView.swift in Sources */ = {isa = PBXBuildFile; fileRef = 908A23CE2AA35B0000F1C3A7 /* AppStartView.swift */; };
		90980CDC2B02A3A600F0E5F0 /* libDeclinationLib.a in Frameworks */ = {isa = PBXBuildFile; fileRef = 90980CD92B02A2EF00F0E5F0 /* libDeclinationLib.a */; };
		90980CE32B02B28B00F0E5F0 /* Declination.swift in Sources */ = {isa = PBXBuildFile; fileRef = 90980CE02B02B28B00F0E5F0 /* Declination.swift */; };
		90980CE42B02B28B00F0E5F0 /* DeviationEngine.swift in Sources */ = {isa = PBXBuildFile; fileRef = 90980CE12B02B28B00F0E5F0 /* DeviationEngine.swift */; };
		90980CE52B02B28B00F0E5F0 /* DataFetchEngine.swift in Sources */ = {isa = PBXBuildFile; fileRef = 90980CE22B02B28B00F0E5F0 /* DataFetchEngine.swift */; };
		90980CE82B02E03600F0E5F0 /* AircraftPerformanceView.swift in Sources */ = {isa = PBXBuildFile; fileRef = 90980CE72B02E03600F0E5F0 /* AircraftPerformanceView.swift */; };
		90980CEA2B02E51900F0E5F0 /* ScreenModels.swift in Sources */ = {isa = PBXBuildFile; fileRef = 90980CE92B02E51900F0E5F0 /* ScreenModels.swift */; };
		90A2584B2A96C27000B40DAD /* NavLogApp.swift in Sources */ = {isa = PBXBuildFile; fileRef = 90A2584A2A96C27000B40DAD /* NavLogApp.swift */; };
		90A2584D2A96C27000B40DAD /* ContentView.swift in Sources */ = {isa = PBXBuildFile; fileRef = 90A2584C2A96C27000B40DAD /* ContentView.swift */; };
		90A258512A96C27300B40DAD /* Assets.xcassets in Resources */ = {isa = PBXBuildFile; fileRef = 90A258502A96C27300B40DAD /* Assets.xcassets */; };
		90A258542A96C27300B40DAD /* Preview Assets.xcassets in Resources */ = {isa = PBXBuildFile; fileRef = 90A258532A96C27300B40DAD /* Preview Assets.xcassets */; };
		90A258602A96C27300B40DAD /* NavLogDistanceTests.swift in Sources */ = {isa = PBXBuildFile; fileRef = 90A2585F2A96C27300B40DAD /* NavLogDistanceTests.swift */; };
		90B2B9C62A9FDA0E0083F8D5 /* DisplayData.swift in Sources */ = {isa = PBXBuildFile; fileRef = 90B2B9C52A9FDA0E0083F8D5 /* DisplayData.swift */; };
		90B2B9C82A9FE6C90083F8D5 /* Constants.swift in Sources */ = {isa = PBXBuildFile; fileRef = 90B2B9C72A9FE6C90083F8D5 /* Constants.swift */; };
		90B2B9CA2AA039760083F8D5 /* NavLogTimeTests.swift in Sources */ = {isa = PBXBuildFile; fileRef = 90B2B9C92AA039760083F8D5 /* NavLogTimeTests.swift */; };
		90B8641D2AD83F4E009D18E5 /* DynonPlan.gpx in Resources */ = {isa = PBXBuildFile; fileRef = 90B8641C2AD83F4E009D18E5 /* DynonPlan.gpx */; };
		90B8641F2AD83FF9009D18E5 /* GarminPlan.fpl in Resources */ = {isa = PBXBuildFile; fileRef = 90B8641E2AD83FF9009D18E5 /* GarminPlan.fpl */; };
		90B864232AD95F0D009D18E5 /* FlightPlan.swift in Sources */ = {isa = PBXBuildFile; fileRef = 90B864222AD95F0D009D18E5 /* FlightPlan.swift */; };
		90B864272ADB2697009D18E5 /* DynonParser.swift in Sources */ = {isa = PBXBuildFile; fileRef = 90B864262ADB2697009D18E5 /* DynonParser.swift */; };
		90B864292ADB2754009D18E5 /* GarminParser.swift in Sources */ = {isa = PBXBuildFile; fileRef = 90B864282ADB2754009D18E5 /* GarminParser.swift */; };
		90B8642B2ADB27DE009D18E5 /* ParserObjects.swift in Sources */ = {isa = PBXBuildFile; fileRef = 90B8642A2ADB27DE009D18E5 /* ParserObjects.swift */; };
		90B8642D2ADB2881009D18E5 /* ParseEngine.swift in Sources */ = {isa = PBXBuildFile; fileRef = 90B8642C2ADB2881009D18E5 /* ParseEngine.swift */; };
		90B8642F2ADB33AA009D18E5 /* ParserTesting.swift in Sources */ = {isa = PBXBuildFile; fileRef = 90B8642E2ADB33AA009D18E5 /* ParserTesting.swift */; };
		90B93FDA2B0445CA00E163A7 /* CardinalTakeOff.json in Resources */ = {isa = PBXBuildFile; fileRef = 90B93FD92B0445CA00E163A7 /* CardinalTakeOff.json */; };
		90B93FDC2B044B6F00E163A7 /* TakeOffCalculator.swift in Sources */ = {isa = PBXBuildFile; fileRef = 90B93FDB2B044B6F00E163A7 /* TakeOffCalculator.swift */; };
		90B93FDE2B04FF4600E163A7 /* ProfiileEncodeTests.swift in Sources */ = {isa = PBXBuildFile; fileRef = 90B93FDD2B04FF4600E163A7 /* ProfiileEncodeTests.swift */; };
		90C5B0B92AE0508D0032E355 /* WeatherDataModels.swift in Sources */ = {isa = PBXBuildFile; fileRef = 90C5B0B82AE0508D0032E355 /* WeatherDataModels.swift */; };
		90CE24D12A99776A00552366 /* TestAircraft.json in Resources */ = {isa = PBXBuildFile; fileRef = 90CE24D02A99776A00552366 /* TestAircraft.json */; };
		90CE24D32A99787800552366 /* TestNavLog.json in Resources */ = {isa = PBXBuildFile; fileRef = 90CE24D22A99787800552366 /* TestNavLog.json */; };
		90D55EAB2AA3E6D900AAC1D7 /* HeadingDetailView.swift in Sources */ = {isa = PBXBuildFile; fileRef = 90D55EAA2AA3E6D900AAC1D7 /* HeadingDetailView.swift */; };
		90D55EAD2AA3EEE000AAC1D7 /* HeadingMasterView.swift in Sources */ = {isa = PBXBuildFile; fileRef = 90D55EAC2AA3EEE000AAC1D7 /* HeadingMasterView.swift */; };
		90D55EAF2AA3F01400AAC1D7 /* HeadingNavigationView.swift in Sources */ = {isa = PBXBuildFile; fileRef = 90D55EAE2AA3F01400AAC1D7 /* HeadingNavigationView.swift */; };
/* End PBXBuildFile section */

/* Begin PBXContainerItemProxy section */
		90A2585C2A96C27300B40DAD /* PBXContainerItemProxy */ = {
			isa = PBXContainerItemProxy;
			containerPortal = 90A2583F2A96C27000B40DAD /* Project object */;
			proxyType = 1;
			remoteGlobalIDString = 90A258462A96C27000B40DAD;
			remoteInfo = NavLog;
		};
/* End PBXContainerItemProxy section */

/* Begin PBXFileReference section */
		90038F8A2AA16D3200B3FAFC /* NavigationEngine.swift */ = {isa = PBXFileReference; lastKnownFileType = sourcecode.swift; path = NavigationEngine.swift; sourceTree = "<group>"; };
		90038F8C2AA180FC00B3FAFC /* NavLogSummary.swift */ = {isa = PBXFileReference; lastKnownFileType = sourcecode.swift; path = NavLogSummary.swift; sourceTree = "<group>"; };
		90227FFA2B066F80007879AB /* Launch Screen.storyboard */ = {isa = PBXFileReference; lastKnownFileType = file.storyboard; path = "Launch Screen.storyboard"; sourceTree = "<group>"; };
		904321D52AA61A4600F10D77 /* SliderBarView.swift */ = {isa = PBXFileReference; lastKnownFileType = sourcecode.swift; path = SliderBarView.swift; sourceTree = "<group>"; };
		904A67152ACB558200FDC4E9 /* NavigationDetail.swift */ = {isa = PBXFileReference; lastKnownFileType = sourcecode.swift; path = NavigationDetail.swift; sourceTree = "<group>"; };
		9056512A2AF05712005076BE /* FetchMagneticDeviation.swift */ = {isa = PBXFileReference; lastKnownFileType = sourcecode.swift; path = FetchMagneticDeviation.swift; sourceTree = "<group>"; };
		9058F1562A98E7A400C7CE81 /* WayPoint.swift */ = {isa = PBXFileReference; lastKnownFileType = sourcecode.swift; path = WayPoint.swift; sourceTree = "<group>"; };
		9058F1582A98ECB100C7CE81 /* Aircraft.swift */ = {isa = PBXFileReference; lastKnownFileType = sourcecode.swift; path = Aircraft.swift; sourceTree = "<group>"; };
		9058F15A2A98EDC000C7CE81 /* NavLog.swift */ = {isa = PBXFileReference; lastKnownFileType = sourcecode.swift; path = NavLog.swift; sourceTree = "<group>"; };
		9058F15C2A98EDE700C7CE81 /* IncidentalModels.swift */ = {isa = PBXFileReference; lastKnownFileType = sourcecode.swift; path = IncidentalModels.swift; sourceTree = "<group>"; };
		9058F15F2A9901C800C7CE81 /* GPSObserver.swift */ = {isa = PBXFileReference; lastKnownFileType = sourcecode.swift; path = GPSObserver.swift; sourceTree = "<group>"; };
		9058F1662A99313700C7CE81 /* AircraftMetaDataView.swift */ = {isa = PBXFileReference; lastKnownFileType = sourcecode.swift; path = AircraftMetaDataView.swift; sourceTree = "<group>"; };
		9058F1682A9932B600C7CE81 /* WaypointListItem.swift */ = {isa = PBXFileReference; lastKnownFileType = sourcecode.swift; path = WaypointListItem.swift; sourceTree = "<group>"; };
		9058F16A2A9932D600C7CE81 /* NavigationLog.swift */ = {isa = PBXFileReference; lastKnownFileType = sourcecode.swift; path = NavigationLog.swift; sourceTree = "<group>"; };
		9058F1702A994C1700C7CE81 /* AircraftMetaItemStringView.swift */ = {isa = PBXFileReference; fileEncoding = 4; lastKnownFileType = sourcecode.swift; path = AircraftMetaItemStringView.swift; sourceTree = "<group>"; };
		9058F1762A994FAA00C7CE81 /* AircraftMetaItemFloatView.swift */ = {isa = PBXFileReference; fileEncoding = 4; lastKnownFileType = sourcecode.swift; path = AircraftMetaItemFloatView.swift; sourceTree = "<group>"; };
		9058F1772A994FAA00C7CE81 /* AircraftMetaItemIntView.swift */ = {isa = PBXFileReference; fileEncoding = 4; lastKnownFileType = sourcecode.swift; path = AircraftMetaItemIntView.swift; sourceTree = "<group>"; };
		905F091E2AEC38050067A56F /* TomorrowWeatherExtractor.swift */ = {isa = PBXFileReference; lastKnownFileType = sourcecode.swift; path = TomorrowWeatherExtractor.swift; sourceTree = "<group>"; };
		906EF4FC2B0572FA00A4E6C9 /* StandardTempCalculator.swift */ = {isa = PBXFileReference; lastKnownFileType = sourcecode.swift; path = StandardTempCalculator.swift; sourceTree = "<group>"; };
		906EF4FE2B05733400A4E6C9 /* AircraftPermormanceViewModel.swift */ = {isa = PBXFileReference; lastKnownFileType = sourcecode.swift; path = AircraftPermormanceViewModel.swift; sourceTree = "<group>"; };
		906EF5012B06687900A4E6C9 /* SettingsMasterView.swift */ = {isa = PBXFileReference; lastKnownFileType = sourcecode.swift; path = SettingsMasterView.swift; sourceTree = "<group>"; };
		906EF9152B03BB8E0004DC4C /* TextEntryFIeldView.swift */ = {isa = PBXFileReference; lastKnownFileType = sourcecode.swift; path = TextEntryFIeldView.swift; sourceTree = "<group>"; };
		906EF9172B03CDCD0004DC4C /* WeightEntryView.swift */ = {isa = PBXFileReference; lastKnownFileType = sourcecode.swift; path = WeightEntryView.swift; sourceTree = "<group>"; };
		906EF91B2B03D3EC0004DC4C /* TakeOffPerformanceView.swift */ = {isa = PBXFileReference; lastKnownFileType = sourcecode.swift; path = TakeOffPerformanceView.swift; sourceTree = "<group>"; };
		907D91772ADF4397000206E3 /* VisualCrossingWeatherExtractor.swift */ = {isa = PBXFileReference; lastKnownFileType = sourcecode.swift; path = VisualCrossingWeatherExtractor.swift; sourceTree = "<group>"; };
		90872D142B039E2900349152 /* AircraftParametersView.swift */ = {isa = PBXFileReference; lastKnownFileType = sourcecode.swift; path = AircraftParametersView.swift; sourceTree = "<group>"; };
		908A23CC2AA2925700F1C3A7 /* Core.swift */ = {isa = PBXFileReference; lastKnownFileType = sourcecode.swift; path = Core.swift; sourceTree = "<group>"; };
		908A23CE2AA35B0000F1C3A7 /* AppStartView.swift */ = {isa = PBXFileReference; lastKnownFileType = sourcecode.swift; path = AppStartView.swift; sourceTree = "<group>"; };
		909525BF2AFBEF1600195274 /* libDeclinationLib.a */ = {isa = PBXFileReference; lastKnownFileType = archive.ar; name = libDeclinationLib.a; path = NavLog/libDeclinationLib.a; sourceTree = "<group>"; };
		90980CD82B02A2DB00F0E5F0 /* DeclinationLib.swiftmodule */ = {isa = PBXFileReference; lastKnownFileType = folder; name = DeclinationLib.swiftmodule; path = libDeclinationLib/DeclinationLib.swiftmodule; sourceTree = "<group>"; };
		90980CD92B02A2EF00F0E5F0 /* libDeclinationLib.a */ = {isa = PBXFileReference; lastKnownFileType = archive.ar; name = libDeclinationLib.a; path = libDeclinationLib/libDeclinationLib.a; sourceTree = "<group>"; };
		90980CE02B02B28B00F0E5F0 /* Declination.swift */ = {isa = PBXFileReference; fileEncoding = 4; lastKnownFileType = sourcecode.swift; path = Declination.swift; sourceTree = "<group>"; };
		90980CE12B02B28B00F0E5F0 /* DeviationEngine.swift */ = {isa = PBXFileReference; fileEncoding = 4; lastKnownFileType = sourcecode.swift; path = DeviationEngine.swift; sourceTree = "<group>"; };
		90980CE22B02B28B00F0E5F0 /* DataFetchEngine.swift */ = {isa = PBXFileReference; fileEncoding = 4; lastKnownFileType = sourcecode.swift; path = DataFetchEngine.swift; sourceTree = "<group>"; };
		90980CE72B02E03600F0E5F0 /* AircraftPerformanceView.swift */ = {isa = PBXFileReference; lastKnownFileType = sourcecode.swift; path = AircraftPerformanceView.swift; sourceTree = "<group>"; };
		90980CE92B02E51900F0E5F0 /* ScreenModels.swift */ = {isa = PBXFileReference; lastKnownFileType = sourcecode.swift; path = ScreenModels.swift; sourceTree = "<group>"; };
		90A258472A96C27000B40DAD /* NavLog.app */ = {isa = PBXFileReference; explicitFileType = wrapper.application; includeInIndex = 0; path = NavLog.app; sourceTree = BUILT_PRODUCTS_DIR; };
		90A2584A2A96C27000B40DAD /* NavLogApp.swift */ = {isa = PBXFileReference; lastKnownFileType = sourcecode.swift; path = NavLogApp.swift; sourceTree = "<group>"; };
		90A2584C2A96C27000B40DAD /* ContentView.swift */ = {isa = PBXFileReference; lastKnownFileType = sourcecode.swift; path = ContentView.swift; sourceTree = "<group>"; };
		90A258502A96C27300B40DAD /* Assets.xcassets */ = {isa = PBXFileReference; lastKnownFileType = folder.assetcatalog; path = Assets.xcassets; sourceTree = "<group>"; };
		90A258532A96C27300B40DAD /* Preview Assets.xcassets */ = {isa = PBXFileReference; lastKnownFileType = folder.assetcatalog; path = "Preview Assets.xcassets"; sourceTree = "<group>"; };
		90A258552A96C27300B40DAD /* NavLog.entitlements */ = {isa = PBXFileReference; lastKnownFileType = text.plist.entitlements; path = NavLog.entitlements; sourceTree = "<group>"; };
		90A258562A96C27300B40DAD /* Info.plist */ = {isa = PBXFileReference; lastKnownFileType = text.plist.xml; path = Info.plist; sourceTree = "<group>"; };
		90A2585B2A96C27300B40DAD /* NavLogTests.xctest */ = {isa = PBXFileReference; explicitFileType = wrapper.cfbundle; includeInIndex = 0; path = NavLogTests.xctest; sourceTree = BUILT_PRODUCTS_DIR; };
		90A2585F2A96C27300B40DAD /* NavLogDistanceTests.swift */ = {isa = PBXFileReference; lastKnownFileType = sourcecode.swift; path = NavLogDistanceTests.swift; sourceTree = "<group>"; };
		90B2B9C52A9FDA0E0083F8D5 /* DisplayData.swift */ = {isa = PBXFileReference; lastKnownFileType = sourcecode.swift; path = DisplayData.swift; sourceTree = "<group>"; };
		90B2B9C72A9FE6C90083F8D5 /* Constants.swift */ = {isa = PBXFileReference; lastKnownFileType = sourcecode.swift; path = Constants.swift; sourceTree = "<group>"; };
		90B2B9C92AA039760083F8D5 /* NavLogTimeTests.swift */ = {isa = PBXFileReference; fileEncoding = 4; lastKnownFileType = sourcecode.swift; path = NavLogTimeTests.swift; sourceTree = "<group>"; };
		90B8641C2AD83F4E009D18E5 /* DynonPlan.gpx */ = {isa = PBXFileReference; fileEncoding = 4; lastKnownFileType = text.xml; path = DynonPlan.gpx; sourceTree = "<group>"; };
		90B8641E2AD83FF9009D18E5 /* GarminPlan.fpl */ = {isa = PBXFileReference; fileEncoding = 4; lastKnownFileType = text.xml; path = GarminPlan.fpl; sourceTree = "<group>"; };
		90B864222AD95F0D009D18E5 /* FlightPlan.swift */ = {isa = PBXFileReference; lastKnownFileType = sourcecode.swift; path = FlightPlan.swift; sourceTree = "<group>"; };
		90B864262ADB2697009D18E5 /* DynonParser.swift */ = {isa = PBXFileReference; lastKnownFileType = sourcecode.swift; path = DynonParser.swift; sourceTree = "<group>"; };
		90B864282ADB2754009D18E5 /* GarminParser.swift */ = {isa = PBXFileReference; lastKnownFileType = sourcecode.swift; path = GarminParser.swift; sourceTree = "<group>"; };
		90B8642A2ADB27DE009D18E5 /* ParserObjects.swift */ = {isa = PBXFileReference; lastKnownFileType = sourcecode.swift; path = ParserObjects.swift; sourceTree = "<group>"; };
		90B8642C2ADB2881009D18E5 /* ParseEngine.swift */ = {isa = PBXFileReference; lastKnownFileType = sourcecode.swift; path = ParseEngine.swift; sourceTree = "<group>"; };
		90B8642E2ADB33AA009D18E5 /* ParserTesting.swift */ = {isa = PBXFileReference; lastKnownFileType = sourcecode.swift; path = ParserTesting.swift; sourceTree = "<group>"; };
		90B93FD92B0445CA00E163A7 /* CardinalTakeOff.json */ = {isa = PBXFileReference; lastKnownFileType = text.json; path = CardinalTakeOff.json; sourceTree = "<group>"; };
		90B93FDB2B044B6F00E163A7 /* TakeOffCalculator.swift */ = {isa = PBXFileReference; lastKnownFileType = sourcecode.swift; path = TakeOffCalculator.swift; sourceTree = "<group>"; };
		90B93FDD2B04FF4600E163A7 /* ProfiileEncodeTests.swift */ = {isa = PBXFileReference; lastKnownFileType = sourcecode.swift; path = ProfiileEncodeTests.swift; sourceTree = "<group>"; };
		90C5B0B82AE0508D0032E355 /* WeatherDataModels.swift */ = {isa = PBXFileReference; lastKnownFileType = sourcecode.swift; path = WeatherDataModels.swift; sourceTree = "<group>"; };
		90CE24CE2A99747400552366 /* Waypoint.json */ = {isa = PBXFileReference; lastKnownFileType = text.json; path = Waypoint.json; sourceTree = "<group>"; };
		90CE24D02A99776A00552366 /* TestAircraft.json */ = {isa = PBXFileReference; lastKnownFileType = text.json; path = TestAircraft.json; sourceTree = "<group>"; };
		90CE24D22A99787800552366 /* TestNavLog.json */ = {isa = PBXFileReference; lastKnownFileType = text.json; path = TestNavLog.json; sourceTree = "<group>"; };
		90D55EAA2AA3E6D900AAC1D7 /* HeadingDetailView.swift */ = {isa = PBXFileReference; lastKnownFileType = sourcecode.swift; path = HeadingDetailView.swift; sourceTree = "<group>"; };
		90D55EAC2AA3EEE000AAC1D7 /* HeadingMasterView.swift */ = {isa = PBXFileReference; lastKnownFileType = sourcecode.swift; path = HeadingMasterView.swift; sourceTree = "<group>"; };
		90D55EAE2AA3F01400AAC1D7 /* HeadingNavigationView.swift */ = {isa = PBXFileReference; lastKnownFileType = sourcecode.swift; path = HeadingNavigationView.swift; sourceTree = "<group>"; };
/* End PBXFileReference section */

/* Begin PBXFrameworksBuildPhase section */
		90A258442A96C27000B40DAD /* Frameworks */ = {
			isa = PBXFrameworksBuildPhase;
			buildActionMask = 2147483647;
			files = (
				90980CDC2B02A3A600F0E5F0 /* libDeclinationLib.a in Frameworks */,
			);
			runOnlyForDeploymentPostprocessing = 0;
		};
		90A258582A96C27300B40DAD /* Frameworks */ = {
			isa = PBXFrameworksBuildPhase;
			buildActionMask = 2147483647;
			files = (
			);
			runOnlyForDeploymentPostprocessing = 0;
		};
/* End PBXFrameworksBuildPhase section */

/* Begin PBXGroup section */
		904A67142ACB556600FDC4E9 /* Navigation */ = {
			isa = PBXGroup;
			children = (
				9058F16A2A9932D600C7CE81 /* NavigationLog.swift */,
				904A67152ACB558200FDC4E9 /* NavigationDetail.swift */,
			);
			path = Navigation;
			sourceTree = "<group>";
		};
		9058F1552A98E77600C7CE81 /* Data */ = {
			isa = PBXGroup;
			children = (
				9058F1562A98E7A400C7CE81 /* WayPoint.swift */,
				9058F1582A98ECB100C7CE81 /* Aircraft.swift */,
				9058F15A2A98EDC000C7CE81 /* NavLog.swift */,
				9058F15C2A98EDE700C7CE81 /* IncidentalModels.swift */,
				90B2B9C52A9FDA0E0083F8D5 /* DisplayData.swift */,
				90CE24CF2A99772B00552366 /* TestData */,
				90B864222AD95F0D009D18E5 /* FlightPlan.swift */,
				90B864262ADB2697009D18E5 /* DynonParser.swift */,
				90B864282ADB2754009D18E5 /* GarminParser.swift */,
				90B8642A2ADB27DE009D18E5 /* ParserObjects.swift */,
				90B8642C2ADB2881009D18E5 /* ParseEngine.swift */,
				90C5B0B82AE0508D0032E355 /* WeatherDataModels.swift */,
			);
			path = Data;
			sourceTree = "<group>";
		};
		9058F15E2A9901AD00C7CE81 /* Components */ = {
			isa = PBXGroup;
			children = (
				90980CDF2B02B26000F0E5F0 /* DeclinationTool */,
				9058F15F2A9901C800C7CE81 /* GPSObserver.swift */,
				90B2B9C72A9FE6C90083F8D5 /* Constants.swift */,
				90038F8A2AA16D3200B3FAFC /* NavigationEngine.swift */,
				906EF4FC2B0572FA00A4E6C9 /* StandardTempCalculator.swift */,
			);
			path = Components;
			sourceTree = "<group>";
		};
		9058F1632A99309300C7CE81 /* Views */ = {
			isa = PBXGroup;
			children = (
				906EF5002B06685D00A4E6C9 /* Settings */,
				90980CE62B02E01800F0E5F0 /* Performance */,
				90D55EA92AA3E6B900AAC1D7 /* Heading */,
				90CE25622A9A5D6100552366 /* Aircraft Meta */,
				9058F1682A9932B600C7CE81 /* WaypointListItem.swift */,
				904A67142ACB556600FDC4E9 /* Navigation */,
				908A23CE2AA35B0000F1C3A7 /* AppStartView.swift */,
				90A2584C2A96C27000B40DAD /* ContentView.swift */,
			);
			path = Views;
			sourceTree = "<group>";
		};
		906EF5002B06685D00A4E6C9 /* Settings */ = {
			isa = PBXGroup;
			children = (
				906EF5012B06687900A4E6C9 /* SettingsMasterView.swift */,
			);
			path = Settings;
			sourceTree = "<group>";
		};
		909525BE2AFBEF1600195274 /* Frameworks */ = {
			isa = PBXGroup;
			children = (
				90980CD92B02A2EF00F0E5F0 /* libDeclinationLib.a */,
				90980CD82B02A2DB00F0E5F0 /* DeclinationLib.swiftmodule */,
				909525BF2AFBEF1600195274 /* libDeclinationLib.a */,
			);
			name = Frameworks;
			sourceTree = "<group>";
		};
		90980CDF2B02B26000F0E5F0 /* DeclinationTool */ = {
			isa = PBXGroup;
			children = (
				90980CE22B02B28B00F0E5F0 /* DataFetchEngine.swift */,
				90980CE02B02B28B00F0E5F0 /* Declination.swift */,
				90980CE12B02B28B00F0E5F0 /* DeviationEngine.swift */,
			);
			path = DeclinationTool;
			sourceTree = "<group>";
		};
		90980CE62B02E01800F0E5F0 /* Performance */ = {
			isa = PBXGroup;
			children = (
				90980CE72B02E03600F0E5F0 /* AircraftPerformanceView.swift */,
				90980CE92B02E51900F0E5F0 /* ScreenModels.swift */,
				90872D142B039E2900349152 /* AircraftParametersView.swift */,
				906EF9152B03BB8E0004DC4C /* TextEntryFIeldView.swift */,
				906EF9172B03CDCD0004DC4C /* WeightEntryView.swift */,
				906EF91B2B03D3EC0004DC4C /* TakeOffPerformanceView.swift */,
				90B93FDB2B044B6F00E163A7 /* TakeOffCalculator.swift */,
				906EF4FE2B05733400A4E6C9 /* AircraftPermormanceViewModel.swift */,
			);
			path = Performance;
			sourceTree = "<group>";
		};
		90A2583E2A96C27000B40DAD = {
			isa = PBXGroup;
			children = (
				90B864242AD96768009D18E5 /* Playgrounds */,
				90A258492A96C27000B40DAD /* NavLog */,
				90A2585E2A96C27300B40DAD /* NavLogTests */,
				90A258482A96C27000B40DAD /* Products */,
				909525BE2AFBEF1600195274 /* Frameworks */,
			);
			sourceTree = "<group>";
		};
		90A258482A96C27000B40DAD /* Products */ = {
			isa = PBXGroup;
			children = (
				90A258472A96C27000B40DAD /* NavLog.app */,
				90A2585B2A96C27300B40DAD /* NavLogTests.xctest */,
			);
			name = Products;
			sourceTree = "<group>";
		};
		90A258492A96C27000B40DAD /* NavLog */ = {
			isa = PBXGroup;
			children = (
				9058F1632A99309300C7CE81 /* Views */,
				9058F15E2A9901AD00C7CE81 /* Components */,
				9058F1552A98E77600C7CE81 /* Data */,
				90A2584A2A96C27000B40DAD /* NavLogApp.swift */,
				908A23CC2AA2925700F1C3A7 /* Core.swift */,
				90A258502A96C27300B40DAD /* Assets.xcassets */,
				90B8641C2AD83F4E009D18E5 /* DynonPlan.gpx */,
				90B8641E2AD83FF9009D18E5 /* GarminPlan.fpl */,
				90A258552A96C27300B40DAD /* NavLog.entitlements */,
				90A258562A96C27300B40DAD /* Info.plist */,
				90A258522A96C27300B40DAD /* Preview Content */,
				90B93FD92B0445CA00E163A7 /* CardinalTakeOff.json */,
				90227FFA2B066F80007879AB /* Launch Screen.storyboard */,
			);
			path = NavLog;
			sourceTree = "<group>";
		};
		90A258522A96C27300B40DAD /* Preview Content */ = {
			isa = PBXGroup;
			children = (
				90A258532A96C27300B40DAD /* Preview Assets.xcassets */,
			);
			path = "Preview Content";
			sourceTree = "<group>";
		};
		90A2585E2A96C27300B40DAD /* NavLogTests */ = {
			isa = PBXGroup;
			children = (
				90B2B9C92AA039760083F8D5 /* NavLogTimeTests.swift */,
				90A2585F2A96C27300B40DAD /* NavLogDistanceTests.swift */,
				90038F8C2AA180FC00B3FAFC /* NavLogSummary.swift */,
				90B8642E2ADB33AA009D18E5 /* ParserTesting.swift */,
				907D91772ADF4397000206E3 /* VisualCrossingWeatherExtractor.swift */,
				905F091E2AEC38050067A56F /* TomorrowWeatherExtractor.swift */,
				9056512A2AF05712005076BE /* FetchMagneticDeviation.swift */,
				90B93FDD2B04FF4600E163A7 /* ProfiileEncodeTests.swift */,
			);
			path = NavLogTests;
			sourceTree = "<group>";
		};
		90B864242AD96768009D18E5 /* Playgrounds */ = {
			isa = PBXGroup;
			children = (
			);
			path = Playgrounds;
			sourceTree = "<group>";
		};
		90CE24CF2A99772B00552366 /* TestData */ = {
			isa = PBXGroup;
			children = (
				90CE24CE2A99747400552366 /* Waypoint.json */,
				90CE24D02A99776A00552366 /* TestAircraft.json */,
				90CE24D22A99787800552366 /* TestNavLog.json */,
			);
			path = TestData;
			sourceTree = "<group>";
		};
		90CE25622A9A5D6100552366 /* Aircraft Meta */ = {
			isa = PBXGroup;
			children = (
				9058F1762A994FAA00C7CE81 /* AircraftMetaItemFloatView.swift */,
				9058F1772A994FAA00C7CE81 /* AircraftMetaItemIntView.swift */,
				9058F1702A994C1700C7CE81 /* AircraftMetaItemStringView.swift */,
				9058F1662A99313700C7CE81 /* AircraftMetaDataView.swift */,
			);
			path = "Aircraft Meta";
			sourceTree = "<group>";
		};
		90D55EA92AA3E6B900AAC1D7 /* Heading */ = {
			isa = PBXGroup;
			children = (
				90D55EAA2AA3E6D900AAC1D7 /* HeadingDetailView.swift */,
				90D55EAC2AA3EEE000AAC1D7 /* HeadingMasterView.swift */,
				90D55EAE2AA3F01400AAC1D7 /* HeadingNavigationView.swift */,
				904321D52AA61A4600F10D77 /* SliderBarView.swift */,
			);
			path = Heading;
			sourceTree = "<group>";
		};
/* End PBXGroup section */

/* Begin PBXNativeTarget section */
		90A258462A96C27000B40DAD /* NavLog */ = {
			isa = PBXNativeTarget;
			buildConfigurationList = 90A2586F2A96C27300B40DAD /* Build configuration list for PBXNativeTarget "NavLog" */;
			buildPhases = (
				90A258432A96C27000B40DAD /* Sources */,
				90A258442A96C27000B40DAD /* Frameworks */,
				90A258452A96C27000B40DAD /* Resources */,
			);
			buildRules = (
			);
			dependencies = (
			);
			name = NavLog;
			productName = NavLog;
			productReference = 90A258472A96C27000B40DAD /* NavLog.app */;
			productType = "com.apple.product-type.application";
		};
		90A2585A2A96C27300B40DAD /* NavLogTests */ = {
			isa = PBXNativeTarget;
			buildConfigurationList = 90A258722A96C27300B40DAD /* Build configuration list for PBXNativeTarget "NavLogTests" */;
			buildPhases = (
				90A258572A96C27300B40DAD /* Sources */,
				90A258582A96C27300B40DAD /* Frameworks */,
				90A258592A96C27300B40DAD /* Resources */,
			);
			buildRules = (
			);
			dependencies = (
				90A2585D2A96C27300B40DAD /* PBXTargetDependency */,
			);
			name = NavLogTests;
			productName = NavLogTests;
			productReference = 90A2585B2A96C27300B40DAD /* NavLogTests.xctest */;
			productType = "com.apple.product-type.bundle.unit-test";
		};
/* End PBXNativeTarget section */

/* Begin PBXProject section */
		90A2583F2A96C27000B40DAD /* Project object */ = {
			isa = PBXProject;
			attributes = {
				BuildIndependentTargetsInParallel = 1;
				LastSwiftUpdateCheck = 1500;
				LastUpgradeCheck = 1500;
				TargetAttributes = {
					90A258462A96C27000B40DAD = {
						CreatedOnToolsVersion = 15.0;
					};
					90A2585A2A96C27300B40DAD = {
						CreatedOnToolsVersion = 15.0;
						TestTargetID = 90A258462A96C27000B40DAD;
					};
				};
			};
			buildConfigurationList = 90A258422A96C27000B40DAD /* Build configuration list for PBXProject "NavLog" */;
			compatibilityVersion = "Xcode 14.0";
			developmentRegion = en;
			hasScannedForEncodings = 0;
			knownRegions = (
				en,
				Base,
			);
			mainGroup = 90A2583E2A96C27000B40DAD;
			productRefGroup = 90A258482A96C27000B40DAD /* Products */;
			projectDirPath = "";
			projectRoot = "";
			targets = (
				90A258462A96C27000B40DAD /* NavLog */,
				90A2585A2A96C27300B40DAD /* NavLogTests */,
			);
		};
/* End PBXProject section */

/* Begin PBXResourcesBuildPhase section */
		90A258452A96C27000B40DAD /* Resources */ = {
			isa = PBXResourcesBuildPhase;
			buildActionMask = 2147483647;
			files = (
				90CE24D12A99776A00552366 /* TestAircraft.json in Resources */,
				90A258542A96C27300B40DAD /* Preview Assets.xcassets in Resources */,
				90227FFB2B066F80007879AB /* Launch Screen.storyboard in Resources */,
				90B8641D2AD83F4E009D18E5 /* DynonPlan.gpx in Resources */,
				90CE24D32A99787800552366 /* TestNavLog.json in Resources */,
				90B8641F2AD83FF9009D18E5 /* GarminPlan.fpl in Resources */,
				90A258512A96C27300B40DAD /* Assets.xcassets in Resources */,
				90B93FDA2B0445CA00E163A7 /* CardinalTakeOff.json in Resources */,
			);
			runOnlyForDeploymentPostprocessing = 0;
		};
		90A258592A96C27300B40DAD /* Resources */ = {
			isa = PBXResourcesBuildPhase;
			buildActionMask = 2147483647;
			files = (
			);
			runOnlyForDeploymentPostprocessing = 0;
		};
/* End PBXResourcesBuildPhase section */

/* Begin PBXSourcesBuildPhase section */
		90A258432A96C27000B40DAD /* Sources */ = {
			isa = PBXSourcesBuildPhase;
			buildActionMask = 2147483647;
			files = (
				90B93FDC2B044B6F00E163A7 /* TakeOffCalculator.swift in Sources */,
				9058F15B2A98EDC000C7CE81 /* NavLog.swift in Sources */,
				906EF9162B03BB8E0004DC4C /* TextEntryFIeldView.swift in Sources */,
				90D55EAD2AA3EEE000AAC1D7 /* HeadingMasterView.swift in Sources */,
				90B2B9C82A9FE6C90083F8D5 /* Constants.swift in Sources */,
				90980CE42B02B28B00F0E5F0 /* DeviationEngine.swift in Sources */,
				9058F1712A994C1700C7CE81 /* AircraftMetaItemStringView.swift in Sources */,
				908A23CD2AA2925700F1C3A7 /* Core.swift in Sources */,
				9058F1572A98E7A400C7CE81 /* WayPoint.swift in Sources */,
				90B864292ADB2754009D18E5 /* GarminParser.swift in Sources */,
				9058F16B2A9932D600C7CE81 /* NavigationLog.swift in Sources */,
				90B8642B2ADB27DE009D18E5 /* ParserObjects.swift in Sources */,
				90980CE52B02B28B00F0E5F0 /* DataFetchEngine.swift in Sources */,
				90B8642D2ADB2881009D18E5 /* ParseEngine.swift in Sources */,
				90A2584D2A96C27000B40DAD /* ContentView.swift in Sources */,
				90B864272ADB2697009D18E5 /* DynonParser.swift in Sources */,
				9058F1592A98ECB100C7CE81 /* Aircraft.swift in Sources */,
				904A67162ACB558200FDC4E9 /* NavigationDetail.swift in Sources */,
				904321D62AA61A4600F10D77 /* SliderBarView.swift in Sources */,
				90D55EAF2AA3F01400AAC1D7 /* HeadingNavigationView.swift in Sources */,
				9058F1782A994FAA00C7CE81 /* AircraftMetaItemFloatView.swift in Sources */,
				90A2584B2A96C27000B40DAD /* NavLogApp.swift in Sources */,
				90C5B0B92AE0508D0032E355 /* WeatherDataModels.swift in Sources */,
				906EF9182B03CDCD0004DC4C /* WeightEntryView.swift in Sources */,
				906EF4FD2B0572FA00A4E6C9 /* StandardTempCalculator.swift in Sources */,
				90B2B9C62A9FDA0E0083F8D5 /* DisplayData.swift in Sources */,
				906EF91C2B03D3EC0004DC4C /* TakeOffPerformanceView.swift in Sources */,
				906EF5022B06687900A4E6C9 /* SettingsMasterView.swift in Sources */,
				90980CE32B02B28B00F0E5F0 /* Declination.swift in Sources */,
				9058F1602A9901C800C7CE81 /* GPSObserver.swift in Sources */,
				9058F1672A99313700C7CE81 /* AircraftMetaDataView.swift in Sources */,
				90872D152B039E2900349152 /* AircraftParametersView.swift in Sources */,
				90D55EAB2AA3E6D900AAC1D7 /* HeadingDetailView.swift in Sources */,
				90980CE82B02E03600F0E5F0 /* AircraftPerformanceView.swift in Sources */,
				90980CEA2B02E51900F0E5F0 /* ScreenModels.swift in Sources */,
				906EF4FF2B05733400A4E6C9 /* AircraftPermormanceViewModel.swift in Sources */,
				9058F15D2A98EDE700C7CE81 /* IncidentalModels.swift in Sources */,
				90038F8B2AA16D3200B3FAFC /* NavigationEngine.swift in Sources */,
				90B864232AD95F0D009D18E5 /* FlightPlan.swift in Sources */,
				9058F1792A994FAA00C7CE81 /* AircraftMetaItemIntView.swift in Sources */,
				9058F1692A9932B600C7CE81 /* WaypointListItem.swift in Sources */,
				908A23CF2AA35B0000F1C3A7 /* AppStartView.swift in Sources */,
			);
			runOnlyForDeploymentPostprocessing = 0;
		};
		90A258572A96C27300B40DAD /* Sources */ = {
			isa = PBXSourcesBuildPhase;
			buildActionMask = 2147483647;
			files = (
				90A258602A96C27300B40DAD /* NavLogDistanceTests.swift in Sources */,
				90B8642F2ADB33AA009D18E5 /* ParserTesting.swift in Sources */,
				907D91782ADF4397000206E3 /* VisualCrossingWeatherExtractor.swift in Sources */,
				90B2B9CA2AA039760083F8D5 /* NavLogTimeTests.swift in Sources */,
				905F091F2AEC38050067A56F /* TomorrowWeatherExtractor.swift in Sources */,
				90038F8D2AA180FC00B3FAFC /* NavLogSummary.swift in Sources */,
				9056512B2AF05712005076BE /* FetchMagneticDeviation.swift in Sources */,
				90B93FDE2B04FF4600E163A7 /* ProfiileEncodeTests.swift in Sources */,
			);
			runOnlyForDeploymentPostprocessing = 0;
		};
/* End PBXSourcesBuildPhase section */

/* Begin PBXTargetDependency section */
		90A2585D2A96C27300B40DAD /* PBXTargetDependency */ = {
			isa = PBXTargetDependency;
			target = 90A258462A96C27000B40DAD /* NavLog */;
			targetProxy = 90A2585C2A96C27300B40DAD /* PBXContainerItemProxy */;
		};
/* End PBXTargetDependency section */

/* Begin XCBuildConfiguration section */
		90A2586D2A96C27300B40DAD /* Debug */ = {
			isa = XCBuildConfiguration;
			buildSettings = {
				ALWAYS_SEARCH_USER_PATHS = NO;
				ASSETCATALOG_COMPILER_GENERATE_SWIFT_ASSET_SYMBOL_EXTENSIONS = YES;
				CLANG_ANALYZER_NONNULL = YES;
				CLANG_ANALYZER_NUMBER_OBJECT_CONVERSION = YES_AGGRESSIVE;
				CLANG_CXX_LANGUAGE_STANDARD = "gnu++20";
				CLANG_ENABLE_MODULES = YES;
				CLANG_ENABLE_OBJC_ARC = YES;
				CLANG_ENABLE_OBJC_WEAK = YES;
				CLANG_WARN_BLOCK_CAPTURE_AUTORELEASING = YES;
				CLANG_WARN_BOOL_CONVERSION = YES;
				CLANG_WARN_COMMA = YES;
				CLANG_WARN_CONSTANT_CONVERSION = YES;
				CLANG_WARN_DEPRECATED_OBJC_IMPLEMENTATIONS = YES;
				CLANG_WARN_DIRECT_OBJC_ISA_USAGE = YES_ERROR;
				CLANG_WARN_DOCUMENTATION_COMMENTS = YES;
				CLANG_WARN_EMPTY_BODY = YES;
				CLANG_WARN_ENUM_CONVERSION = YES;
				CLANG_WARN_INFINITE_RECURSION = YES;
				CLANG_WARN_INT_CONVERSION = YES;
				CLANG_WARN_NON_LITERAL_NULL_CONVERSION = YES;
				CLANG_WARN_OBJC_IMPLICIT_RETAIN_SELF = YES;
				CLANG_WARN_OBJC_LITERAL_CONVERSION = YES;
				CLANG_WARN_OBJC_ROOT_CLASS = YES_ERROR;
				CLANG_WARN_QUOTED_INCLUDE_IN_FRAMEWORK_HEADER = YES;
				CLANG_WARN_RANGE_LOOP_ANALYSIS = YES;
				CLANG_WARN_STRICT_PROTOTYPES = YES;
				CLANG_WARN_SUSPICIOUS_MOVE = YES;
				CLANG_WARN_UNGUARDED_AVAILABILITY = YES_AGGRESSIVE;
				CLANG_WARN_UNREACHABLE_CODE = YES;
				CLANG_WARN__DUPLICATE_METHOD_MATCH = YES;
				COPY_PHASE_STRIP = NO;
				DEBUG_INFORMATION_FORMAT = dwarf;
				ENABLE_STRICT_OBJC_MSGSEND = YES;
				ENABLE_TESTABILITY = YES;
				ENABLE_USER_SCRIPT_SANDBOXING = YES;
				GCC_C_LANGUAGE_STANDARD = gnu17;
				GCC_DYNAMIC_NO_PIC = NO;
				GCC_NO_COMMON_BLOCKS = YES;
				GCC_OPTIMIZATION_LEVEL = 0;
				GCC_PREPROCESSOR_DEFINITIONS = (
					"DEBUG=1",
					"$(inherited)",
				);
				GCC_WARN_64_TO_32_BIT_CONVERSION = YES;
				GCC_WARN_ABOUT_RETURN_TYPE = YES_ERROR;
				GCC_WARN_UNDECLARED_SELECTOR = YES;
				GCC_WARN_UNINITIALIZED_AUTOS = YES_AGGRESSIVE;
				GCC_WARN_UNUSED_FUNCTION = YES;
				GCC_WARN_UNUSED_VARIABLE = YES;
				IPHONEOS_DEPLOYMENT_TARGET = 17.0;
				LOCALIZATION_PREFERS_STRING_CATALOGS = YES;
				MTL_ENABLE_DEBUG_INFO = INCLUDE_SOURCE;
				MTL_FAST_MATH = YES;
				ONLY_ACTIVE_ARCH = YES;
				SDKROOT = iphoneos;
				SWIFT_ACTIVE_COMPILATION_CONDITIONS = "DEBUG $(inherited)";
				SWIFT_OPTIMIZATION_LEVEL = "-Onone";
			};
			name = Debug;
		};
		90A2586E2A96C27300B40DAD /* Release */ = {
			isa = XCBuildConfiguration;
			buildSettings = {
				ALWAYS_SEARCH_USER_PATHS = NO;
				ASSETCATALOG_COMPILER_GENERATE_SWIFT_ASSET_SYMBOL_EXTENSIONS = YES;
				CLANG_ANALYZER_NONNULL = YES;
				CLANG_ANALYZER_NUMBER_OBJECT_CONVERSION = YES_AGGRESSIVE;
				CLANG_CXX_LANGUAGE_STANDARD = "gnu++20";
				CLANG_ENABLE_MODULES = YES;
				CLANG_ENABLE_OBJC_ARC = YES;
				CLANG_ENABLE_OBJC_WEAK = YES;
				CLANG_WARN_BLOCK_CAPTURE_AUTORELEASING = YES;
				CLANG_WARN_BOOL_CONVERSION = YES;
				CLANG_WARN_COMMA = YES;
				CLANG_WARN_CONSTANT_CONVERSION = YES;
				CLANG_WARN_DEPRECATED_OBJC_IMPLEMENTATIONS = YES;
				CLANG_WARN_DIRECT_OBJC_ISA_USAGE = YES_ERROR;
				CLANG_WARN_DOCUMENTATION_COMMENTS = YES;
				CLANG_WARN_EMPTY_BODY = YES;
				CLANG_WARN_ENUM_CONVERSION = YES;
				CLANG_WARN_INFINITE_RECURSION = YES;
				CLANG_WARN_INT_CONVERSION = YES;
				CLANG_WARN_NON_LITERAL_NULL_CONVERSION = YES;
				CLANG_WARN_OBJC_IMPLICIT_RETAIN_SELF = YES;
				CLANG_WARN_OBJC_LITERAL_CONVERSION = YES;
				CLANG_WARN_OBJC_ROOT_CLASS = YES_ERROR;
				CLANG_WARN_QUOTED_INCLUDE_IN_FRAMEWORK_HEADER = YES;
				CLANG_WARN_RANGE_LOOP_ANALYSIS = YES;
				CLANG_WARN_STRICT_PROTOTYPES = YES;
				CLANG_WARN_SUSPICIOUS_MOVE = YES;
				CLANG_WARN_UNGUARDED_AVAILABILITY = YES_AGGRESSIVE;
				CLANG_WARN_UNREACHABLE_CODE = YES;
				CLANG_WARN__DUPLICATE_METHOD_MATCH = YES;
				COPY_PHASE_STRIP = NO;
				DEBUG_INFORMATION_FORMAT = "dwarf-with-dsym";
				ENABLE_NS_ASSERTIONS = NO;
				ENABLE_STRICT_OBJC_MSGSEND = YES;
				ENABLE_USER_SCRIPT_SANDBOXING = YES;
				GCC_C_LANGUAGE_STANDARD = gnu17;
				GCC_NO_COMMON_BLOCKS = YES;
				GCC_WARN_64_TO_32_BIT_CONVERSION = YES;
				GCC_WARN_ABOUT_RETURN_TYPE = YES_ERROR;
				GCC_WARN_UNDECLARED_SELECTOR = YES;
				GCC_WARN_UNINITIALIZED_AUTOS = YES_AGGRESSIVE;
				GCC_WARN_UNUSED_FUNCTION = YES;
				GCC_WARN_UNUSED_VARIABLE = YES;
				IPHONEOS_DEPLOYMENT_TARGET = 17.0;
				LOCALIZATION_PREFERS_STRING_CATALOGS = YES;
				MTL_ENABLE_DEBUG_INFO = NO;
				MTL_FAST_MATH = YES;
				SDKROOT = iphoneos;
				SWIFT_COMPILATION_MODE = wholemodule;
				VALIDATE_PRODUCT = YES;
			};
			name = Release;
		};
		90A258702A96C27300B40DAD /* Debug */ = {
			isa = XCBuildConfiguration;
			buildSettings = {
				ASSETCATALOG_COMPILER_APPICON_NAME = AppIcon;
				ASSETCATALOG_COMPILER_GLOBAL_ACCENT_COLOR_NAME = AccentColor;
				CODE_SIGN_ENTITLEMENTS = NavLog/NavLog.entitlements;
				CODE_SIGN_STYLE = Automatic;
				CURRENT_PROJECT_VERSION = 1;
				DEVELOPMENT_ASSET_PATHS = "\"NavLog/Preview Content\"";
				DEVELOPMENT_TEAM = 4MAEKVPSTZ;
				ENABLE_PREVIEWS = YES;
				GENERATE_INFOPLIST_FILE = YES;
				INFOPLIST_FILE = NavLog/Info.plist;
				INFOPLIST_KEY_CFBundleDisplayName = "Nav Assist";
				INFOPLIST_KEY_NSLocationAlwaysAndWhenInUseUsageDescription = "Alwats abd When - This app needs to get location all the time so it can tell you where the airplane is, how fast it is moving and how high above the ground it is.";
				INFOPLIST_KEY_NSLocationAlwaysUsageDescription = "Always - This app needs to get location all the time so it can tell you where the airplane is, how fast it is moving and how high above the ground it is.";
				INFOPLIST_KEY_NSLocationUsageDescription = "Use description - gotta have it";
				INFOPLIST_KEY_NSLocationWhenInUseUsageDescription = "When - gotta have it";
				INFOPLIST_KEY_UIApplicationSceneManifest_Generation = YES;
				INFOPLIST_KEY_UIApplicationSupportsIndirectInputEvents = YES;
				INFOPLIST_KEY_UILaunchStoryboardName = "Launch Screen.storyboard";
				INFOPLIST_KEY_UISupportedInterfaceOrientations = UIInterfaceOrientationPortrait;
				INFOPLIST_KEY_UISupportedInterfaceOrientations_iPad = "UIInterfaceOrientationLandscapeLeft UIInterfaceOrientationLandscapeRight UIInterfaceOrientationPortrait";
				IPHONEOS_DEPLOYMENT_TARGET = 17.0;
				LD_RUNPATH_SEARCH_PATHS = (
					"$(inherited)",
					"@executable_path/Frameworks",
				);
				LIBRARY_SEARCH_PATHS = (
					"$(inherited)",
					"$(PROJECT_DIR)/NavLog",
					"$(PROJECT_DIR)/libDeclinationLib",
				);
				MARKETING_VERSION = 1.0;
				PRODUCT_BUNDLE_IDENTIFIER = com.customsoftware.NavLog;
				PRODUCT_NAME = "$(TARGET_NAME)";
				SWIFT_EMIT_LOC_STRINGS = YES;
				SWIFT_INCLUDE_PATHS = "$(inherited) $(PROJECT_DIR)/NavLog $(PROJECT_DIR)/libDeclinationLib";
				SWIFT_VERSION = 5.0;
				TARGETED_DEVICE_FAMILY = "1,2";
			};
			name = Debug;
		};
		90A258712A96C27300B40DAD /* Release */ = {
			isa = XCBuildConfiguration;
			buildSettings = {
				ASSETCATALOG_COMPILER_APPICON_NAME = AppIcon;
				ASSETCATALOG_COMPILER_GLOBAL_ACCENT_COLOR_NAME = AccentColor;
				CODE_SIGN_ENTITLEMENTS = NavLog/NavLog.entitlements;
				CODE_SIGN_STYLE = Automatic;
				CURRENT_PROJECT_VERSION = 1;
				DEVELOPMENT_ASSET_PATHS = "\"NavLog/Preview Content\"";
				DEVELOPMENT_TEAM = 4MAEKVPSTZ;
				ENABLE_PREVIEWS = YES;
				GENERATE_INFOPLIST_FILE = YES;
				INFOPLIST_FILE = NavLog/Info.plist;
				INFOPLIST_KEY_CFBundleDisplayName = "Nav Assist";
				INFOPLIST_KEY_NSLocationAlwaysAndWhenInUseUsageDescription = "Alwats abd When - This app needs to get location all the time so it can tell you where the airplane is, how fast it is moving and how high above the ground it is.";
				INFOPLIST_KEY_NSLocationAlwaysUsageDescription = "Always - This app needs to get location all the time so it can tell you where the airplane is, how fast it is moving and how high above the ground it is.";
				INFOPLIST_KEY_NSLocationUsageDescription = "Use description - gotta have it";
				INFOPLIST_KEY_NSLocationWhenInUseUsageDescription = "When - gotta have it";
				INFOPLIST_KEY_UIApplicationSceneManifest_Generation = YES;
				INFOPLIST_KEY_UIApplicationSupportsIndirectInputEvents = YES;
				INFOPLIST_KEY_UILaunchStoryboardName = "Launch Screen.storyboard";
				INFOPLIST_KEY_UISupportedInterfaceOrientations = UIInterfaceOrientationPortrait;
				INFOPLIST_KEY_UISupportedInterfaceOrientations_iPad = "UIInterfaceOrientationLandscapeLeft UIInterfaceOrientationLandscapeRight UIInterfaceOrientationPortrait";
				IPHONEOS_DEPLOYMENT_TARGET = 17.0;
				LD_RUNPATH_SEARCH_PATHS = (
					"$(inherited)",
					"@executable_path/Frameworks",
				);
				LIBRARY_SEARCH_PATHS = (
					"$(inherited)",
					"$(PROJECT_DIR)/NavLog",
					"$(PROJECT_DIR)/libDeclinationLib",
				);
				MARKETING_VERSION = 1.0;
				PRODUCT_BUNDLE_IDENTIFIER = com.customsoftware.NavLog;
				PRODUCT_NAME = "$(TARGET_NAME)";
				SWIFT_EMIT_LOC_STRINGS = YES;
				SWIFT_INCLUDE_PATHS = "$(inherited) $(PROJECT_DIR)/NavLog $(PROJECT_DIR)/libDeclinationLib";
				SWIFT_VERSION = 5.0;
				TARGETED_DEVICE_FAMILY = "1,2";
			};
			name = Release;
		};
		90A258732A96C27300B40DAD /* Debug */ = {
			isa = XCBuildConfiguration;
			buildSettings = {
				ALWAYS_EMBED_SWIFT_STANDARD_LIBRARIES = YES;
				BUNDLE_LOADER = "$(TEST_HOST)";
				CODE_SIGN_STYLE = Automatic;
				CURRENT_PROJECT_VERSION = 1;
				DEVELOPMENT_TEAM = 4MAEKVPSTZ;
				GENERATE_INFOPLIST_FILE = YES;
				IPHONEOS_DEPLOYMENT_TARGET = 17.0;
				MARKETING_VERSION = 1.0;
				PRODUCT_BUNDLE_IDENTIFIER = com.customsoftware.NavLogTests;
				PRODUCT_NAME = "$(TARGET_NAME)";
				SWIFT_EMIT_LOC_STRINGS = NO;
				SWIFT_VERSION = 5.0;
				TARGETED_DEVICE_FAMILY = "1,2";
				TEST_HOST = "$(BUILT_PRODUCTS_DIR)/NavLog.app/$(BUNDLE_EXECUTABLE_FOLDER_PATH)/NavLog";
			};
			name = Debug;
		};
		90A258742A96C27300B40DAD /* Release */ = {
			isa = XCBuildConfiguration;
			buildSettings = {
				ALWAYS_EMBED_SWIFT_STANDARD_LIBRARIES = YES;
				BUNDLE_LOADER = "$(TEST_HOST)";
				CODE_SIGN_STYLE = Automatic;
				CURRENT_PROJECT_VERSION = 1;
				DEVELOPMENT_TEAM = 4MAEKVPSTZ;
				GENERATE_INFOPLIST_FILE = YES;
				IPHONEOS_DEPLOYMENT_TARGET = 17.0;
				MARKETING_VERSION = 1.0;
				PRODUCT_BUNDLE_IDENTIFIER = com.customsoftware.NavLogTests;
				PRODUCT_NAME = "$(TARGET_NAME)";
				SWIFT_EMIT_LOC_STRINGS = NO;
				SWIFT_VERSION = 5.0;
				TARGETED_DEVICE_FAMILY = "1,2";
				TEST_HOST = "$(BUILT_PRODUCTS_DIR)/NavLog.app/$(BUNDLE_EXECUTABLE_FOLDER_PATH)/NavLog";
			};
			name = Release;
		};
/* End XCBuildConfiguration section */

/* Begin XCConfigurationList section */
		90A258422A96C27000B40DAD /* Build configuration list for PBXProject "NavLog" */ = {
			isa = XCConfigurationList;
			buildConfigurations = (
				90A2586D2A96C27300B40DAD /* Debug */,
				90A2586E2A96C27300B40DAD /* Release */,
			);
			defaultConfigurationIsVisible = 0;
			defaultConfigurationName = Release;
		};
		90A2586F2A96C27300B40DAD /* Build configuration list for PBXNativeTarget "NavLog" */ = {
			isa = XCConfigurationList;
			buildConfigurations = (
				90A258702A96C27300B40DAD /* Debug */,
				90A258712A96C27300B40DAD /* Release */,
			);
			defaultConfigurationIsVisible = 0;
			defaultConfigurationName = Release;
		};
		90A258722A96C27300B40DAD /* Build configuration list for PBXNativeTarget "NavLogTests" */ = {
			isa = XCConfigurationList;
			buildConfigurations = (
				90A258732A96C27300B40DAD /* Debug */,
				90A258742A96C27300B40DAD /* Release */,
			);
			defaultConfigurationIsVisible = 0;
			defaultConfigurationName = Release;
		};
/* End XCConfigurationList section */
	};
	rootObject = 90A2583F2A96C27000B40DAD /* Project object */;
}
